
Microsoft Visual Studio Solution File, Format Version 12.00
# Visual Studio Version 17
VisualStudioVersion = 17.14.36915.13 d17.14
MinimumVisualStudioVersion = 10.0.40219.1
Project("{FAE04EC0-301F-11D3-BF4B-00C04F79EFBC}") = "Console", "Console.csproj", "{05AFF01F-AB4F-44BF-8031-58360E076B0E}"
EndProject
Project("{FAE04EC0-301F-11D3-BF4B-00C04F79EFBC}") = "Core", "..\Core\Core.csproj", "{ED596D29-03CE-4346-94AB-AF3DCC441E20}"
EndProject
Global
	GlobalSection(SolutionConfigurationPlatforms) = preSolution
		Debug|Any CPU = Debug|Any CPU
		Release|Any CPU = Release|Any CPU
	EndGlobalSection
	GlobalSection(ProjectConfigurationPlatforms) = postSolution
		{05AFF01F-AB4F-44BF-8031-58360E076B0E}.Debug|Any CPU.ActiveCfg = Debug|Any CPU
		{05AFF01F-AB4F-44BF-8031-58360E076B0E}.Debug|Any CPU.Build.0 = Debug|Any CPU
		{05AFF01F-AB4F-44BF-8031-58360E076B0E}.Release|Any CPU.ActiveCfg = Release|Any CPU
		{05AFF01F-AB4F-44BF-8031-58360E076B0E}.Release|Any CPU.Build.0 = Release|Any CPU
		{ED596D29-03CE-4346-94AB-AF3DCC441E20}.Debug|Any CPU.ActiveCfg = Debug|Any CPU
		{ED596D29-03CE-4346-94AB-AF3DCC441E20}.Debug|Any CPU.Build.0 = Debug|Any CPU
		{ED596D29-03CE-4346-94AB-AF3DCC441E20}.Release|Any CPU.ActiveCfg = Release|Any CPU
		{ED596D29-03CE-4346-94AB-AF3DCC441E20}.Release|Any CPU.Build.0 = Release|Any CPU
	EndGlobalSection
	GlobalSection(SolutionProperties) = preSolution
		HideSolutionNode = FALSE
	EndGlobalSection
	GlobalSection(ExtensibilityGlobals) = postSolution
		SolutionGuid = {F25E5D00-1FD8-4E74-8D28-815EB0769827}
	EndGlobalSection
EndGlobal
